
Microsoft Visual Studio Solution File, Format Version 12.00
# Visual Studio 15
VisualStudioVersion = 15.0.26730.12
MinimumVisualStudioVersion = 10.0.40219.1
Project("{FAE04EC0-301F-11D3-BF4B-00C04F79EFBC}") = "TaskManager.WEB", "TaskManager\TaskManager.WEB.csproj", "{4B8E6469-1839-4C33-BD2F-373593249BC7}"
EndProject
Project("{FAE04EC0-301F-11D3-BF4B-00C04F79EFBC}") = "TaskManager.BLL", "TaskManager.BLL\TaskManager.BLL.csproj", "{F6E3C2EC-792E-4373-B517-01A83F82290A}"
EndProject
Project("{FAE04EC0-301F-11D3-BF4B-00C04F79EFBC}") = "TaskManager.DAL", "TaskManager.DAL\TaskManager.DAL.csproj", "{5D9E6DCD-90CC-4D94-AF03-9663EA509EA8}"
EndProject
Global
	GlobalSection(SolutionConfigurationPlatforms) = preSolution
		Debug|Any CPU = Debug|Any CPU
		Release|Any CPU = Release|Any CPU
	EndGlobalSection
	GlobalSection(ProjectConfigurationPlatforms) = postSolution
		{4B8E6469-1839-4C33-BD2F-373593249BC7}.Debug|Any CPU.ActiveCfg = Debug|Any CPU
		{4B8E6469-1839-4C33-BD2F-373593249BC7}.Debug|Any CPU.Build.0 = Debug|Any CPU
		{4B8E6469-1839-4C33-BD2F-373593249BC7}.Release|Any CPU.ActiveCfg = Release|Any CPU
		{4B8E6469-1839-4C33-BD2F-373593249BC7}.Release|Any CPU.Build.0 = Release|Any CPU
		{F6E3C2EC-792E-4373-B517-01A83F82290A}.Debug|Any CPU.ActiveCfg = Debug|Any CPU
		{F6E3C2EC-792E-4373-B517-01A83F82290A}.Debug|Any CPU.Build.0 = Debug|Any CPU
		{F6E3C2EC-792E-4373-B517-01A83F82290A}.Release|Any CPU.ActiveCfg = Release|Any CPU
		{F6E3C2EC-792E-4373-B517-01A83F82290A}.Release|Any CPU.Build.0 = Release|Any CPU
		{5D9E6DCD-90CC-4D94-AF03-9663EA509EA8}.Debug|Any CPU.ActiveCfg = Debug|Any CPU
		{5D9E6DCD-90CC-4D94-AF03-9663EA509EA8}.Debug|Any CPU.Build.0 = Debug|Any CPU
		{5D9E6DCD-90CC-4D94-AF03-9663EA509EA8}.Release|Any CPU.ActiveCfg = Release|Any CPU
		{5D9E6DCD-90CC-4D94-AF03-9663EA509EA8}.Release|Any CPU.Build.0 = Release|Any CPU
	EndGlobalSection
	GlobalSection(SolutionProperties) = preSolution
		HideSolutionNode = FALSE
	EndGlobalSection
	GlobalSection(ExtensibilityGlobals) = postSolution
		SolutionGuid = {210F11F5-0A62-483C-9497-6A8D57714088}
	EndGlobalSection
EndGlobal
